// !$*UTF8*$!
{
	archiveVersion = 1;
	classes = {
	};
	objectVersion = 46;
	objects = {

/* Begin PBXBuildFile section */
		9F21AE451CFF6EA800D240D7 /* Firebase.framework in Frameworks */ = {isa = PBXBuildFile; fileRef = 9F21AE441CFF6EA800D240D7 /* Firebase.framework */; };
		9F21AE471CFF704B00D240D7 /* libicucore.tbd in Frameworks */ = {isa = PBXBuildFile; fileRef = 9F21AE461CFF704B00D240D7 /* libicucore.tbd */; };
		9F21AE491CFF705900D240D7 /* libc++.tbd in Frameworks */ = {isa = PBXBuildFile; fileRef = 9F21AE481CFF705900D240D7 /* libc++.tbd */; };
		9F21AE4B1CFF706300D240D7 /* CFNetwork.framework in Frameworks */ = {isa = PBXBuildFile; fileRef = 9F21AE4A1CFF706300D240D7 /* CFNetwork.framework */; };
		9F21AE4D1CFF706C00D240D7 /* Security.framework in Frameworks */ = {isa = PBXBuildFile; fileRef = 9F21AE4C1CFF706C00D240D7 /* Security.framework */; };
		9F21AE4F1CFF70AD00D240D7 /* SystemConfiguration.framework in Frameworks */ = {isa = PBXBuildFile; fileRef = 9F21AE4E1CFF70AD00D240D7 /* SystemConfiguration.framework */; };
		9F21AE541CFF820200D240D7 /* dodgeball-mld.png in Resources */ = {isa = PBXBuildFile; fileRef = 9F21AE531CFF820200D240D7 /* dodgeball-mld.png */; };
		9FB1FE4E1CFFC44900856022 /* UpdatesViewController.swift in Sources */ = {isa = PBXBuildFile; fileRef = 9FB1FE4D1CFFC44900856022 /* UpdatesViewController.swift */; };
		9FD305F01CFE1D7900498761 /* AppDelegate.swift in Sources */ = {isa = PBXBuildFile; fileRef = 9FD305EF1CFE1D7900498761 /* AppDelegate.swift */; };
		9FD305F21CFE1D7900498761 /* HomeViewController.swift in Sources */ = {isa = PBXBuildFile; fileRef = 9FD305F11CFE1D7900498761 /* HomeViewController.swift */; };
		9FD305F71CFE1D7900498761 /* Main.storyboard in Resources */ = {isa = PBXBuildFile; fileRef = 9FD305F51CFE1D7900498761 /* Main.storyboard */; };
		9FD305F91CFE1D7900498761 /* Assets.xcassets in Resources */ = {isa = PBXBuildFile; fileRef = 9FD305F81CFE1D7900498761 /* Assets.xcassets */; };
		9FD305FC1CFE1D7900498761 /* LaunchScreen.storyboard in Resources */ = {isa = PBXBuildFile; fileRef = 9FD305FA1CFE1D7900498761 /* LaunchScreen.storyboard */; };
		9FD306061CFE22D800498761 /* 2.jpeg in Resources */ = {isa = PBXBuildFile; fileRef = 9FD306031CFE22D800498761 /* 2.jpeg */; };
		9FD306071CFE22D800498761 /* 1.jpeg in Resources */ = {isa = PBXBuildFile; fileRef = 9FD306041CFE22D800498761 /* 1.jpeg */; };
		9FD306081CFE22D800498761 /* 3.jpeg in Resources */ = {isa = PBXBuildFile; fileRef = 9FD306051CFE22D800498761 /* 3.jpeg */; };
		9FD3060E1CFE3A7C00498761 /* PlayersViewController.swift in Sources */ = {isa = PBXBuildFile; fileRef = 9FD3060D1CFE3A7C00498761 /* PlayersViewController.swift */; };
		9FD306101CFE46A600498761 /* kramer.png in Resources */ = {isa = PBXBuildFile; fileRef = 9FD3060F1CFE46A600498761 /* kramer.png */; };
		9FD306121CFE4B3900498761 /* PlayerCell.swift in Sources */ = {isa = PBXBuildFile; fileRef = 9FD306111CFE4B3900498761 /* PlayerCell.swift */; };
		9FD306141CFE4DCC00498761 /* george.png in Resources */ = {isa = PBXBuildFile; fileRef = 9FD306131CFE4DCC00498761 /* george.png */; };
		9FD306161CFE4DD200498761 /* newman.png in Resources */ = {isa = PBXBuildFile; fileRef = 9FD306151CFE4DD200498761 /* newman.png */; };
		9FD306181CFE59B400498761 /* LeagueViewController.swift in Sources */ = {isa = PBXBuildFile; fileRef = 9FD306171CFE59B400498761 /* LeagueViewController.swift */; };
		9FD3061A1CFE5BE600498761 /* TeamCell.swift in Sources */ = {isa = PBXBuildFile; fileRef = 9FD306191CFE5BE600498761 /* TeamCell.swift */; };
		9FD7FC4F1D01BC190005CCCF /* PlayerDetailViewController.swift in Sources */ = {isa = PBXBuildFile; fileRef = 9FD7FC4E1D01BC190005CCCF /* PlayerDetailViewController.swift */; };
		9FD7FC511D01C07A0005CCCF /* LeagueDetailViewController.swift in Sources */ = {isa = PBXBuildFile; fileRef = 9FD7FC501D01C07A0005CCCF /* LeagueDetailViewController.swift */; };
/* End PBXBuildFile section */

/* Begin PBXFileReference section */
		9F21AE441CFF6EA800D240D7 /* Firebase.framework */ = {isa = PBXFileReference; lastKnownFileType = wrapper.framework; path = Firebase.framework; sourceTree = "<group>"; };
		9F21AE461CFF704B00D240D7 /* libicucore.tbd */ = {isa = PBXFileReference; lastKnownFileType = "sourcecode.text-based-dylib-definition"; name = libicucore.tbd; path = usr/lib/libicucore.tbd; sourceTree = SDKROOT; };
		9F21AE481CFF705900D240D7 /* libc++.tbd */ = {isa = PBXFileReference; lastKnownFileType = "sourcecode.text-based-dylib-definition"; name = "libc++.tbd"; path = "usr/lib/libc++.tbd"; sourceTree = SDKROOT; };
		9F21AE4A1CFF706300D240D7 /* CFNetwork.framework */ = {isa = PBXFileReference; lastKnownFileType = wrapper.framework; name = CFNetwork.framework; path = System/Library/Frameworks/CFNetwork.framework; sourceTree = SDKROOT; };
		9F21AE4C1CFF706C00D240D7 /* Security.framework */ = {isa = PBXFileReference; lastKnownFileType = wrapper.framework; name = Security.framework; path = System/Library/Frameworks/Security.framework; sourceTree = SDKROOT; };
		9F21AE4E1CFF70AD00D240D7 /* SystemConfiguration.framework */ = {isa = PBXFileReference; lastKnownFileType = wrapper.framework; name = SystemConfiguration.framework; path = System/Library/Frameworks/SystemConfiguration.framework; sourceTree = SDKROOT; };
		9F21AE531CFF820200D240D7 /* dodgeball-mld.png */ = {isa = PBXFileReference; lastKnownFileType = image.png; path = "dodgeball-mld.png"; sourceTree = "<group>"; };
		9FB1FE4D1CFFC44900856022 /* UpdatesViewController.swift */ = {isa = PBXFileReference; fileEncoding = 4; lastKnownFileType = sourcecode.swift; path = UpdatesViewController.swift; sourceTree = "<group>"; };
		9FD305EC1CFE1D7900498761 /* Captain's Choice.app */ = {isa = PBXFileReference; explicitFileType = wrapper.application; includeInIndex = 0; path = "Captain's Choice.app"; sourceTree = BUILT_PRODUCTS_DIR; };
		9FD305EF1CFE1D7900498761 /* AppDelegate.swift */ = {isa = PBXFileReference; lastKnownFileType = sourcecode.swift; path = AppDelegate.swift; sourceTree = "<group>"; };
		9FD305F11CFE1D7900498761 /* HomeViewController.swift */ = {isa = PBXFileReference; lastKnownFileType = sourcecode.swift; path = HomeViewController.swift; sourceTree = "<group>"; };
		9FD305F61CFE1D7900498761 /* Base */ = {isa = PBXFileReference; lastKnownFileType = file.storyboard; name = Base; path = Base.lproj/Main.storyboard; sourceTree = "<group>"; };
		9FD305F81CFE1D7900498761 /* Assets.xcassets */ = {isa = PBXFileReference; lastKnownFileType = folder.assetcatalog; path = Assets.xcassets; sourceTree = "<group>"; };
		9FD305FB1CFE1D7900498761 /* Base */ = {isa = PBXFileReference; lastKnownFileType = file.storyboard; name = Base; path = Base.lproj/LaunchScreen.storyboard; sourceTree = "<group>"; };
		9FD305FD1CFE1D7900498761 /* Info.plist */ = {isa = PBXFileReference; lastKnownFileType = text.plist.xml; path = Info.plist; sourceTree = "<group>"; };
		9FD306031CFE22D800498761 /* 2.jpeg */ = {isa = PBXFileReference; lastKnownFileType = image.jpeg; name = 2.jpeg; path = ../../2.jpeg; sourceTree = "<group>"; };
		9FD306041CFE22D800498761 /* 1.jpeg */ = {isa = PBXFileReference; lastKnownFileType = image.jpeg; name = 1.jpeg; path = ../../1.jpeg; sourceTree = "<group>"; };
		9FD306051CFE22D800498761 /* 3.jpeg */ = {isa = PBXFileReference; lastKnownFileType = image.jpeg; name = 3.jpeg; path = ../../3.jpeg; sourceTree = "<group>"; };
		9FD3060D1CFE3A7C00498761 /* PlayersViewController.swift */ = {isa = PBXFileReference; fileEncoding = 4; lastKnownFileType = sourcecode.swift; path = PlayersViewController.swift; sourceTree = "<group>"; };
		9FD3060F1CFE46A600498761 /* kramer.png */ = {isa = PBXFileReference; lastKnownFileType = image.png; path = kramer.png; sourceTree = "<group>"; };
		9FD306111CFE4B3900498761 /* PlayerCell.swift */ = {isa = PBXFileReference; fileEncoding = 4; lastKnownFileType = sourcecode.swift; path = PlayerCell.swift; sourceTree = "<group>"; };
		9FD306131CFE4DCC00498761 /* george.png */ = {isa = PBXFileReference; lastKnownFileType = image.png; path = george.png; sourceTree = "<group>"; };
		9FD306151CFE4DD200498761 /* newman.png */ = {isa = PBXFileReference; lastKnownFileType = image.png; path = newman.png; sourceTree = "<group>"; };
		9FD306171CFE59B400498761 /* LeagueViewController.swift */ = {isa = PBXFileReference; fileEncoding = 4; lastKnownFileType = sourcecode.swift; path = LeagueViewController.swift; sourceTree = "<group>"; };
		9FD306191CFE5BE600498761 /* TeamCell.swift */ = {isa = PBXFileReference; fileEncoding = 4; lastKnownFileType = sourcecode.swift; path = TeamCell.swift; sourceTree = "<group>"; };
		9FD7FC4E1D01BC190005CCCF /* PlayerDetailViewController.swift */ = {isa = PBXFileReference; fileEncoding = 4; lastKnownFileType = sourcecode.swift; path = PlayerDetailViewController.swift; sourceTree = "<group>"; };
		9FD7FC501D01C07A0005CCCF /* LeagueDetailViewController.swift */ = {isa = PBXFileReference; fileEncoding = 4; lastKnownFileType = sourcecode.swift; path = LeagueDetailViewController.swift; sourceTree = "<group>"; };
/* End PBXFileReference section */

/* Begin PBXFrameworksBuildPhase section */
		9FD305E91CFE1D7900498761 /* Frameworks */ = {
			isa = PBXFrameworksBuildPhase;
			buildActionMask = 2147483647;
			files = (
				9F21AE4F1CFF70AD00D240D7 /* SystemConfiguration.framework in Frameworks */,
				9F21AE4D1CFF706C00D240D7 /* Security.framework in Frameworks */,
				9F21AE4B1CFF706300D240D7 /* CFNetwork.framework in Frameworks */,
				9F21AE491CFF705900D240D7 /* libc++.tbd in Frameworks */,
				9F21AE471CFF704B00D240D7 /* libicucore.tbd in Frameworks */,
				9F21AE451CFF6EA800D240D7 /* Firebase.framework in Frameworks */,
			);
			runOnlyForDeploymentPostprocessing = 0;
		};
/* End PBXFrameworksBuildPhase section */

/* Begin PBXGroup section */
		9F21AE431CFF40FA00D240D7 /* Views */ = {
			isa = PBXGroup;
			children = (
				9FD305F51CFE1D7900498761 /* Main.storyboard */,
				9FD305FA1CFE1D7900498761 /* LaunchScreen.storyboard */,
				9FD305F81CFE1D7900498761 /* Assets.xcassets */,
				9FD306091CFE22F000498761 /* Images */,
			);
			name = Views;
			sourceTree = "<group>";
		};
		9F21AE501CFF71AC00D240D7 /* Firebase */ = {
			isa = PBXGroup;
			children = (
				9F21AE481CFF705900D240D7 /* libc++.tbd */,
				9F21AE461CFF704B00D240D7 /* libicucore.tbd */,
				9F21AE4E1CFF70AD00D240D7 /* SystemConfiguration.framework */,
				9F21AE4C1CFF706C00D240D7 /* Security.framework */,
				9F21AE4A1CFF706300D240D7 /* CFNetwork.framework */,
				9F21AE441CFF6EA800D240D7 /* Firebase.framework */,
			);
			name = Firebase;
			sourceTree = "<group>";
		};
		9F21AE511CFF71D300D240D7 /* Support */ = {
			isa = PBXGroup;
			children = (
				9FD305EF1CFE1D7900498761 /* AppDelegate.swift */,
				9FD305FD1CFE1D7900498761 /* Info.plist */,
			);
			name = Support;
			path = "Captain's Choice";
			sourceTree = "<group>";
		};
		9F21AE521CFF736300D240D7 /* Model */ = {
			isa = PBXGroup;
			children = (
				9FD306191CFE5BE600498761 /* TeamCell.swift */,
				9FD306111CFE4B3900498761 /* PlayerCell.swift */,
			);
			name = Model;
			sourceTree = "<group>";
		};
		9FD305E31CFE1D7900498761 = {
			isa = PBXGroup;
			children = (
				9FD305EE1CFE1D7900498761 /* Captain's Choice */,
				9F21AE511CFF71D300D240D7 /* Support */,
				9FD305ED1CFE1D7900498761 /* Products */,
				9F21AE501CFF71AC00D240D7 /* Firebase */,
			);
			sourceTree = "<group>";
		};
		9FD305ED1CFE1D7900498761 /* Products */ = {
			isa = PBXGroup;
			children = (
				9FD305EC1CFE1D7900498761 /* Captain's Choice.app */,
			);
			name = Products;
			sourceTree = "<group>";
		};
		9FD305EE1CFE1D7900498761 /* Captain's Choice */ = {
			isa = PBXGroup;
			children = (
				9F21AE521CFF736300D240D7 /* Model */,
				9FD3060A1CFE29A600498761 /* Controllers */,
				9F21AE431CFF40FA00D240D7 /* Views */,
			);
			path = "Captain's Choice";
			sourceTree = "<group>";
		};
		9FD306091CFE22F000498761 /* Images */ = {
			isa = PBXGroup;
			children = (
				9F21AE531CFF820200D240D7 /* dodgeball-mld.png */,
				9FD3060F1CFE46A600498761 /* kramer.png */,
				9FD306131CFE4DCC00498761 /* george.png */,
				9FD306151CFE4DD200498761 /* newman.png */,
				9FD306031CFE22D800498761 /* 2.jpeg */,
				9FD306041CFE22D800498761 /* 1.jpeg */,
				9FD306051CFE22D800498761 /* 3.jpeg */,
			);
			name = Images;
			sourceTree = "<group>";
		};
		9FD3060A1CFE29A600498761 /* Controllers */ = {
			isa = PBXGroup;
			children = (
				9FD305F11CFE1D7900498761 /* HomeViewController.swift */,
				9FD3060D1CFE3A7C00498761 /* PlayersViewController.swift */,
				9FD7FC4E1D01BC190005CCCF /* PlayerDetailViewController.swift */,
				9FD306171CFE59B400498761 /* LeagueViewController.swift */,
				9FD7FC501D01C07A0005CCCF /* LeagueDetailViewController.swift */,
				9FB1FE4D1CFFC44900856022 /* UpdatesViewController.swift */,
			);
			name = Controllers;
			sourceTree = "<group>";
		};
/* End PBXGroup section */

/* Begin PBXNativeTarget section */
		9FD305EB1CFE1D7900498761 /* Captain's Choice */ = {
			isa = PBXNativeTarget;
			buildConfigurationList = 9FD306001CFE1D7900498761 /* Build configuration list for PBXNativeTarget "Captain's Choice" */;
			buildPhases = (
				9FD305E81CFE1D7900498761 /* Sources */,
				9FD305E91CFE1D7900498761 /* Frameworks */,
				9FD305EA1CFE1D7900498761 /* Resources */,
			);
			buildRules = (
			);
			dependencies = (
			);
			name = "Captain's Choice";
			productName = "Captain's Choice";
			productReference = 9FD305EC1CFE1D7900498761 /* Captain's Choice.app */;
			productType = "com.apple.product-type.application";
		};
/* End PBXNativeTarget section */

/* Begin PBXProject section */
		9FD305E41CFE1D7900498761 /* Project object */ = {
			isa = PBXProject;
			attributes = {
				LastSwiftUpdateCheck = 0730;
				LastUpgradeCheck = 0730;
				ORGANIZATIONNAME = "Allen Spicer";
				TargetAttributes = {
					9FD305EB1CFE1D7900498761 = {
						CreatedOnToolsVersion = 7.3;
						DevelopmentTeam = 4VV96EYWM8;
					};
				};
			};
			buildConfigurationList = 9FD305E71CFE1D7900498761 /* Build configuration list for PBXProject "Captain's Choice" */;
			compatibilityVersion = "Xcode 3.2";
			developmentRegion = English;
			hasScannedForEncodings = 0;
			knownRegions = (
				en,
				Base,
			);
			mainGroup = 9FD305E31CFE1D7900498761;
			productRefGroup = 9FD305ED1CFE1D7900498761 /* Products */;
			projectDirPath = "";
			projectRoot = "";
			targets = (
				9FD305EB1CFE1D7900498761 /* Captain's Choice */,
			);
		};
/* End PBXProject section */

/* Begin PBXResourcesBuildPhase section */
		9FD305EA1CFE1D7900498761 /* Resources */ = {
			isa = PBXResourcesBuildPhase;
			buildActionMask = 2147483647;
			files = (
				9FD306071CFE22D800498761 /* 1.jpeg in Resources */,
				9FD306101CFE46A600498761 /* kramer.png in Resources */,
				9FD305FC1CFE1D7900498761 /* LaunchScreen.storyboard in Resources */,
				9FD305F91CFE1D7900498761 /* Assets.xcassets in Resources */,
				9FD306081CFE22D800498761 /* 3.jpeg in Resources */,
				9FD305F71CFE1D7900498761 /* Main.storyboard in Resources */,
				9FD306161CFE4DD200498761 /* newman.png in Resources */,
				9FD306141CFE4DCC00498761 /* george.png in Resources */,
				9F21AE541CFF820200D240D7 /* dodgeball-mld.png in Resources */,
				9FD306061CFE22D800498761 /* 2.jpeg in Resources */,
			);
			runOnlyForDeploymentPostprocessing = 0;
		};
/* End PBXResourcesBuildPhase section */

/* Begin PBXSourcesBuildPhase section */
		9FD305E81CFE1D7900498761 /* Sources */ = {
			isa = PBXSourcesBuildPhase;
			buildActionMask = 2147483647;
			files = (
				9FD306121CFE4B3900498761 /* PlayerCell.swift in Sources */,
				9FD305F01CFE1D7900498761 /* AppDelegate.swift in Sources */,
				9FB1FE4E1CFFC44900856022 /* UpdatesViewController.swift in Sources */,
				9FD3061A1CFE5BE600498761 /* TeamCell.swift in Sources */,
				9FD7FC511D01C07A0005CCCF /* LeagueDetailViewController.swift in Sources */,
				9FD7FC4F1D01BC190005CCCF /* PlayerDetailViewController.swift in Sources */,
				9FD305F21CFE1D7900498761 /* HomeViewController.swift in Sources */,
				9FD306181CFE59B400498761 /* LeagueViewController.swift in Sources */,
				9FD3060E1CFE3A7C00498761 /* PlayersViewController.swift in Sources */,
			);
			runOnlyForDeploymentPostprocessing = 0;
		};
/* End PBXSourcesBuildPhase section */

/* Begin PBXVariantGroup section */
		9FD305F51CFE1D7900498761 /* Main.storyboard */ = {
			isa = PBXVariantGroup;
			children = (
				9FD305F61CFE1D7900498761 /* Base */,
			);
			name = Main.storyboard;
			sourceTree = "<group>";
		};
		9FD305FA1CFE1D7900498761 /* LaunchScreen.storyboard */ = {
			isa = PBXVariantGroup;
			children = (
				9FD305FB1CFE1D7900498761 /* Base */,
			);
			name = LaunchScreen.storyboard;
			sourceTree = "<group>";
		};
/* End PBXVariantGroup section */

/* Begin XCBuildConfiguration section */
		9FD305FE1CFE1D7900498761 /* Debug */ = {
			isa = XCBuildConfiguration;
			buildSettings = {
				ALWAYS_SEARCH_USER_PATHS = NO;
				CLANG_ANALYZER_NONNULL = YES;
				CLANG_CXX_LANGUAGE_STANDARD = "gnu++0x";
				CLANG_CXX_LIBRARY = "libc++";
				CLANG_ENABLE_MODULES = YES;
				CLANG_ENABLE_OBJC_ARC = YES;
				CLANG_WARN_BOOL_CONVERSION = YES;
				CLANG_WARN_CONSTANT_CONVERSION = YES;
				CLANG_WARN_DIRECT_OBJC_ISA_USAGE = YES_ERROR;
				CLANG_WARN_EMPTY_BODY = YES;
				CLANG_WARN_ENUM_CONVERSION = YES;
				CLANG_WARN_INT_CONVERSION = YES;
				CLANG_WARN_OBJC_ROOT_CLASS = YES_ERROR;
				CLANG_WARN_UNREACHABLE_CODE = YES;
				CLANG_WARN__DUPLICATE_METHOD_MATCH = YES;
				"CODE_SIGN_IDENTITY[sdk=iphoneos*]" = "iPhone Developer";
				COPY_PHASE_STRIP = NO;
				DEBUG_INFORMATION_FORMAT = dwarf;
				ENABLE_STRICT_OBJC_MSGSEND = YES;
				ENABLE_TESTABILITY = YES;
				GCC_C_LANGUAGE_STANDARD = gnu99;
				GCC_DYNAMIC_NO_PIC = NO;
				GCC_NO_COMMON_BLOCKS = YES;
				GCC_OPTIMIZATION_LEVEL = 0;
				GCC_PREPROCESSOR_DEFINITIONS = (
					"DEBUG=1",
					"$(inherited)",
				);
				GCC_WARN_64_TO_32_BIT_CONVERSION = YES;
				GCC_WARN_ABOUT_RETURN_TYPE = YES_ERROR;
				GCC_WARN_UNDECLARED_SELECTOR = YES;
				GCC_WARN_UNINITIALIZED_AUTOS = YES_AGGRESSIVE;
				GCC_WARN_UNUSED_FUNCTION = YES;
				GCC_WARN_UNUSED_VARIABLE = YES;
				IPHONEOS_DEPLOYMENT_TARGET = 9.3;
				MTL_ENABLE_DEBUG_INFO = YES;
				ONLY_ACTIVE_ARCH = YES;
				SDKROOT = iphoneos;
				SWIFT_OPTIMIZATION_LEVEL = "-Onone";
				TARGETED_DEVICE_FAMILY = "1,2";
			};
			name = Debug;
		};
		9FD305FF1CFE1D7900498761 /* Release */ = {
			isa = XCBuildConfiguration;
			buildSettings = {
				ALWAYS_SEARCH_USER_PATHS = NO;
				CLANG_ANALYZER_NONNULL = YES;
				CLANG_CXX_LANGUAGE_STANDARD = "gnu++0x";
				CLANG_CXX_LIBRARY = "libc++";
				CLANG_ENABLE_MODULES = YES;
				CLANG_ENABLE_OBJC_ARC = YES;
				CLANG_WARN_BOOL_CONVERSION = YES;
				CLANG_WARN_CONSTANT_CONVERSION = YES;
				CLANG_WARN_DIRECT_OBJC_ISA_USAGE = YES_ERROR;
				CLANG_WARN_EMPTY_BODY = YES;
				CLANG_WARN_ENUM_CONVERSION = YES;
				CLANG_WARN_INT_CONVERSION = YES;
				CLANG_WARN_OBJC_ROOT_CLASS = YES_ERROR;
				CLANG_WARN_UNREACHABLE_CODE = YES;
				CLANG_WARN__DUPLICATE_METHOD_MATCH = YES;
				"CODE_SIGN_IDENTITY[sdk=iphoneos*]" = "iPhone Developer";
				COPY_PHASE_STRIP = NO;
				DEBUG_INFORMATION_FORMAT = "dwarf-with-dsym";
				ENABLE_NS_ASSERTIONS = NO;
				ENABLE_STRICT_OBJC_MSGSEND = YES;
				GCC_C_LANGUAGE_STANDARD = gnu99;
				GCC_NO_COMMON_BLOCKS = YES;
				GCC_WARN_64_TO_32_BIT_CONVERSION = YES;
				GCC_WARN_ABOUT_RETURN_TYPE = YES_ERROR;
				GCC_WARN_UNDECLARED_SELECTOR = YES;
				GCC_WARN_UNINITIALIZED_AUTOS = YES_AGGRESSIVE;
				GCC_WARN_UNUSED_FUNCTION = YES;
				GCC_WARN_UNUSED_VARIABLE = YES;
				IPHONEOS_DEPLOYMENT_TARGET = 9.3;
				MTL_ENABLE_DEBUG_INFO = NO;
				SDKROOT = iphoneos;
				TARGETED_DEVICE_FAMILY = "1,2";
				VALIDATE_PRODUCT = YES;
			};
			name = Release;
		};
		9FD306011CFE1D7900498761 /* Debug */ = {
			isa = XCBuildConfiguration;
			buildSettings = {
				ASSETCATALOG_COMPILER_APPICON_NAME = AppIcon;
				CODE_SIGN_IDENTITY = "iPhone Developer";
				FRAMEWORK_SEARCH_PATHS = (
					"$(inherited)",
					"$(PROJECT_DIR)",
				);
				INFOPLIST_FILE = "Captain's Choice/Info.plist";
				LD_RUNPATH_SEARCH_PATHS = "$(inherited) @executable_path/Frameworks";
				PRODUCT_BUNDLE_IDENTIFIER = "com.Trial.Captain-s-Choice";
				PRODUCT_NAME = "$(TARGET_NAME)";
			};
			name = Debug;
		};
		9FD306021CFE1D7900498761 /* Release */ = {
			isa = XCBuildConfiguration;
			buildSettings = {
				ASSETCATALOG_COMPILER_APPICON_NAME = AppIcon;
				CODE_SIGN_IDENTITY = "iPhone Developer";
				FRAMEWORK_SEARCH_PATHS = (
					"$(inherited)",
					"$(PROJECT_DIR)",
				);
				INFOPLIST_FILE = "Captain's Choice/Info.plist";
				LD_RUNPATH_SEARCH_PATHS = "$(inherited) @executable_path/Frameworks";
				PRODUCT_BUNDLE_IDENTIFIER = "com.Trial.Captain-s-Choice";
				PRODUCT_NAME = "$(TARGET_NAME)";
			};
			name = Release;
		};
/* End XCBuildConfiguration section */

/* Begin XCConfigurationList section */
		9FD305E71CFE1D7900498761 /* Build configuration list for PBXProject "Captain's Choice" */ = {
			isa = XCConfigurationList;
			buildConfigurations = (
				9FD305FE1CFE1D7900498761 /* Debug */,
				9FD305FF1CFE1D7900498761 /* Release */,
			);
			defaultConfigurationIsVisible = 0;
			defaultConfigurationName = Release;
		};
		9FD306001CFE1D7900498761 /* Build configuration list for PBXNativeTarget "Captain's Choice" */ = {
			isa = XCConfigurationList;
			buildConfigurations = (
				9FD306011CFE1D7900498761 /* Debug */,
				9FD306021CFE1D7900498761 /* Release */,
			);
			defaultConfigurationIsVisible = 0;
			defaultConfigurationName = Release;
		};
/* End XCConfigurationList section */
	};
	rootObject = 9FD305E41CFE1D7900498761 /* Project object */;
}
