// !$*UTF8*$!
{
	archiveVersion = 1;
	classes = {
	};
	objectVersion = 46;
	objects = {

/* Begin PBXBuildFile section */
		9FE759171CFDF84400629CEC /* AppDelegate.swift in Sources */ = {isa = PBXBuildFile; fileRef = 9FE759161CFDF84400629CEC /* AppDelegate.swift */; };
		9FE759191CFDF84400629CEC /* MasterViewController.swift in Sources */ = {isa = PBXBuildFile; fileRef = 9FE759181CFDF84400629CEC /* MasterViewController.swift */; };
		9FE7591B1CFDF84400629CEC /* DetailViewController.swift in Sources */ = {isa = PBXBuildFile; fileRef = 9FE7591A1CFDF84400629CEC /* DetailViewController.swift */; };
		9FE7591E1CFDF84400629CEC /* Main.storyboard in Resources */ = {isa = PBXBuildFile; fileRef = 9FE7591C1CFDF84400629CEC /* Main.storyboard */; };
		9FE759201CFDF84400629CEC /* Assets.xcassets in Resources */ = {isa = PBXBuildFile; fileRef = 9FE7591F1CFDF84400629CEC /* Assets.xcassets */; };
		9FE759231CFDF84400629CEC /* LaunchScreen.storyboard in Resources */ = {isa = PBXBuildFile; fileRef = 9FE759211CFDF84400629CEC /* LaunchScreen.storyboard */; };
/* End PBXBuildFile section */

/* Begin PBXFileReference section */
		9FE759131CFDF84400629CEC /* Players.app */ = {isa = PBXFileReference; explicitFileType = wrapper.application; includeInIndex = 0; path = Players.app; sourceTree = BUILT_PRODUCTS_DIR; };
		9FE759161CFDF84400629CEC /* AppDelegate.swift */ = {isa = PBXFileReference; lastKnownFileType = sourcecode.swift; path = AppDelegate.swift; sourceTree = "<group>"; };
		9FE759181CFDF84400629CEC /* MasterViewController.swift */ = {isa = PBXFileReference; lastKnownFileType = sourcecode.swift; path = MasterViewController.swift; sourceTree = "<group>"; };
		9FE7591A1CFDF84400629CEC /* DetailViewController.swift */ = {isa = PBXFileReference; lastKnownFileType = sourcecode.swift; path = DetailViewController.swift; sourceTree = "<group>"; };
		9FE7591D1CFDF84400629CEC /* Base */ = {isa = PBXFileReference; lastKnownFileType = file.storyboard; name = Base; path = Base.lproj/Main.storyboard; sourceTree = "<group>"; };
		9FE7591F1CFDF84400629CEC /* Assets.xcassets */ = {isa = PBXFileReference; lastKnownFileType = folder.assetcatalog; path = Assets.xcassets; sourceTree = "<group>"; };
		9FE759221CFDF84400629CEC /* Base */ = {isa = PBXFileReference; lastKnownFileType = file.storyboard; name = Base; path = Base.lproj/LaunchScreen.storyboard; sourceTree = "<group>"; };
		9FE759241CFDF84400629CEC /* Info.plist */ = {isa = PBXFileReference; lastKnownFileType = text.plist.xml; path = Info.plist; sourceTree = "<group>"; };
/* End PBXFileReference section */

/* Begin PBXFrameworksBuildPhase section */
		9FE759101CFDF84400629CEC /* Frameworks */ = {
			isa = PBXFrameworksBuildPhase;
			buildActionMask = 2147483647;
			files = (
			);
			runOnlyForDeploymentPostprocessing = 0;
		};
/* End PBXFrameworksBuildPhase section */

/* Begin PBXGroup section */
		9FE7590A1CFDF84400629CEC = {
			isa = PBXGroup;
			children = (
				9FE759151CFDF84400629CEC /* Players */,
				9FE759141CFDF84400629CEC /* Products */,
			);
			sourceTree = "<group>";
		};
		9FE759141CFDF84400629CEC /* Products */ = {
			isa = PBXGroup;
			children = (
				9FE759131CFDF84400629CEC /* Players.app */,
			);
			name = Products;
			sourceTree = "<group>";
		};
		9FE759151CFDF84400629CEC /* Players */ = {
			isa = PBXGroup;
			children = (
				9FE759161CFDF84400629CEC /* AppDelegate.swift */,
				9FE759181CFDF84400629CEC /* MasterViewController.swift */,
				9FE7591A1CFDF84400629CEC /* DetailViewController.swift */,
				9FE7591C1CFDF84400629CEC /* Main.storyboard */,
				9FE7591F1CFDF84400629CEC /* Assets.xcassets */,
				9FE759211CFDF84400629CEC /* LaunchScreen.storyboard */,
				9FE759241CFDF84400629CEC /* Info.plist */,
			);
			path = Players;
			sourceTree = "<group>";
		};
/* End PBXGroup section */

/* Begin PBXNativeTarget section */
		9FE759121CFDF84400629CEC /* Players */ = {
			isa = PBXNativeTarget;
			buildConfigurationList = 9FE759271CFDF84400629CEC /* Build configuration list for PBXNativeTarget "Players" */;
			buildPhases = (
				9FE7590F1CFDF84400629CEC /* Sources */,
				9FE759101CFDF84400629CEC /* Frameworks */,
				9FE759111CFDF84400629CEC /* Resources */,
			);
			buildRules = (
			);
			dependencies = (
			);
			name = Players;
			productName = Players;
			productReference = 9FE759131CFDF84400629CEC /* Players.app */;
			productType = "com.apple.product-type.application";
		};
/* End PBXNativeTarget section */

/* Begin PBXProject section */
		9FE7590B1CFDF84400629CEC /* Project object */ = {
			isa = PBXProject;
			attributes = {
				LastSwiftUpdateCheck = 0730;
				LastUpgradeCheck = 0730;
				ORGANIZATIONNAME = "Allen Spicer";
				TargetAttributes = {
					9FE759121CFDF84400629CEC = {
						CreatedOnToolsVersion = 7.3;
						DevelopmentTeam = 4VV96EYWM8;
					};
				};
			};
			buildConfigurationList = 9FE7590E1CFDF84400629CEC /* Build configuration list for PBXProject "Players" */;
			compatibilityVersion = "Xcode 3.2";
			developmentRegion = English;
			hasScannedForEncodings = 0;
			knownRegions = (
				en,
				Base,
			);
			mainGroup = 9FE7590A1CFDF84400629CEC;
			productRefGroup = 9FE759141CFDF84400629CEC /* Products */;
			projectDirPath = "";
			projectRoot = "";
			targets = (
				9FE759121CFDF84400629CEC /* Players */,
			);
		};
/* End PBXProject section */

/* Begin PBXResourcesBuildPhase section */
		9FE759111CFDF84400629CEC /* Resources */ = {
			isa = PBXResourcesBuildPhase;
			buildActionMask = 2147483647;
			files = (
				9FE759231CFDF84400629CEC /* LaunchScreen.storyboard in Resources */,
				9FE759201CFDF84400629CEC /* Assets.xcassets in Resources */,
				9FE7591E1CFDF84400629CEC /* Main.storyboard in Resources */,
			);
			runOnlyForDeploymentPostprocessing = 0;
		};
/* End PBXResourcesBuildPhase section */

/* Begin PBXSourcesBuildPhase section */
		9FE7590F1CFDF84400629CEC /* Sources */ = {
			isa = PBXSourcesBuildPhase;
			buildActionMask = 2147483647;
			files = (
				9FE7591B1CFDF84400629CEC /* DetailViewController.swift in Sources */,
				9FE759191CFDF84400629CEC /* MasterViewController.swift in Sources */,
				9FE759171CFDF84400629CEC /* AppDelegate.swift in Sources */,
			);
			runOnlyForDeploymentPostprocessing = 0;
		};
/* End PBXSourcesBuildPhase section */

/* Begin PBXVariantGroup section */
		9FE7591C1CFDF84400629CEC /* Main.storyboard */ = {
			isa = PBXVariantGroup;
			children = (
				9FE7591D1CFDF84400629CEC /* Base */,
			);
			name = Main.storyboard;
			sourceTree = "<group>";
		};
		9FE759211CFDF84400629CEC /* LaunchScreen.storyboard */ = {
			isa = PBXVariantGroup;
			children = (
				9FE759221CFDF84400629CEC /* Base */,
			);
			name = LaunchScreen.storyboard;
			sourceTree = "<group>";
		};
/* End PBXVariantGroup section */

/* Begin XCBuildConfiguration section */
		9FE759251CFDF84400629CEC /* Debug */ = {
			isa = XCBuildConfiguration;
			buildSettings = {
				ALWAYS_SEARCH_USER_PATHS = NO;
				CLANG_ANALYZER_NONNULL = YES;
				CLANG_CXX_LANGUAGE_STANDARD = "gnu++0x";
				CLANG_CXX_LIBRARY = "libc++";
				CLANG_ENABLE_MODULES = YES;
				CLANG_ENABLE_OBJC_ARC = YES;
				CLANG_WARN_BOOL_CONVERSION = YES;
				CLANG_WARN_CONSTANT_CONVERSION = YES;
				CLANG_WARN_DIRECT_OBJC_ISA_USAGE = YES_ERROR;
				CLANG_WARN_EMPTY_BODY = YES;
				CLANG_WARN_ENUM_CONVERSION = YES;
				CLANG_WARN_INT_CONVERSION = YES;
				CLANG_WARN_OBJC_ROOT_CLASS = YES_ERROR;
				CLANG_WARN_UNREACHABLE_CODE = YES;
				CLANG_WARN__DUPLICATE_METHOD_MATCH = YES;
				"CODE_SIGN_IDENTITY[sdk=iphoneos*]" = "iPhone Developer";
				COPY_PHASE_STRIP = NO;
				DEBUG_INFORMATION_FORMAT = dwarf;
				ENABLE_STRICT_OBJC_MSGSEND = YES;
				ENABLE_TESTABILITY = YES;
				GCC_C_LANGUAGE_STANDARD = gnu99;
				GCC_DYNAMIC_NO_PIC = NO;
				GCC_NO_COMMON_BLOCKS = YES;
				GCC_OPTIMIZATION_LEVEL = 0;
				GCC_PREPROCESSOR_DEFINITIONS = (
					"DEBUG=1",
					"$(inherited)",
				);
				GCC_WARN_64_TO_32_BIT_CONVERSION = YES;
				GCC_WARN_ABOUT_RETURN_TYPE = YES_ERROR;
				GCC_WARN_UNDECLARED_SELECTOR = YES;
				GCC_WARN_UNINITIALIZED_AUTOS = YES_AGGRESSIVE;
				GCC_WARN_UNUSED_FUNCTION = YES;
				GCC_WARN_UNUSED_VARIABLE = YES;
				IPHONEOS_DEPLOYMENT_TARGET = 9.3;
				MTL_ENABLE_DEBUG_INFO = YES;
				ONLY_ACTIVE_ARCH = YES;
				SDKROOT = iphoneos;
				SWIFT_OPTIMIZATION_LEVEL = "-Onone";
				TARGETED_DEVICE_FAMILY = "1,2";
			};
			name = Debug;
		};
		9FE759261CFDF84400629CEC /* Release */ = {
			isa = XCBuildConfiguration;
			buildSettings = {
				ALWAYS_SEARCH_USER_PATHS = NO;
				CLANG_ANALYZER_NONNULL = YES;
				CLANG_CXX_LANGUAGE_STANDARD = "gnu++0x";
				CLANG_CXX_LIBRARY = "libc++";
				CLANG_ENABLE_MODULES = YES;
				CLANG_ENABLE_OBJC_ARC = YES;
				CLANG_WARN_BOOL_CONVERSION = YES;
				CLANG_WARN_CONSTANT_CONVERSION = YES;
				CLANG_WARN_DIRECT_OBJC_ISA_USAGE = YES_ERROR;
				CLANG_WARN_EMPTY_BODY = YES;
				CLANG_WARN_ENUM_CONVERSION = YES;
				CLANG_WARN_INT_CONVERSION = YES;
				CLANG_WARN_OBJC_ROOT_CLASS = YES_ERROR;
				CLANG_WARN_UNREACHABLE_CODE = YES;
				CLANG_WARN__DUPLICATE_METHOD_MATCH = YES;
				"CODE_SIGN_IDENTITY[sdk=iphoneos*]" = "iPhone Developer";
				COPY_PHASE_STRIP = NO;
				DEBUG_INFORMATION_FORMAT = "dwarf-with-dsym";
				ENABLE_NS_ASSERTIONS = NO;
				ENABLE_STRICT_OBJC_MSGSEND = YES;
				GCC_C_LANGUAGE_STANDARD = gnu99;
				GCC_NO_COMMON_BLOCKS = YES;
				GCC_WARN_64_TO_32_BIT_CONVERSION = YES;
				GCC_WARN_ABOUT_RETURN_TYPE = YES_ERROR;
				GCC_WARN_UNDECLARED_SELECTOR = YES;
				GCC_WARN_UNINITIALIZED_AUTOS = YES_AGGRESSIVE;
				GCC_WARN_UNUSED_FUNCTION = YES;
				GCC_WARN_UNUSED_VARIABLE = YES;
				IPHONEOS_DEPLOYMENT_TARGET = 9.3;
				MTL_ENABLE_DEBUG_INFO = NO;
				SDKROOT = iphoneos;
				TARGETED_DEVICE_FAMILY = "1,2";
				VALIDATE_PRODUCT = YES;
			};
			name = Release;
		};
		9FE759281CFDF84400629CEC /* Debug */ = {
			isa = XCBuildConfiguration;
			buildSettings = {
				ASSETCATALOG_COMPILER_APPICON_NAME = AppIcon;
				CODE_SIGN_IDENTITY = "iPhone Developer";
				INFOPLIST_FILE = Players/Info.plist;
				LD_RUNPATH_SEARCH_PATHS = "$(inherited) @executable_path/Frameworks";
				PRODUCT_BUNDLE_IDENTIFIER = com.Trial.Players;
				PRODUCT_NAME = "$(TARGET_NAME)";
			};
			name = Debug;
		};
		9FE759291CFDF84400629CEC /* Release */ = {
			isa = XCBuildConfiguration;
			buildSettings = {
				ASSETCATALOG_COMPILER_APPICON_NAME = AppIcon;
				CODE_SIGN_IDENTITY = "iPhone Developer";
				INFOPLIST_FILE = Players/Info.plist;
				LD_RUNPATH_SEARCH_PATHS = "$(inherited) @executable_path/Frameworks";
				PRODUCT_BUNDLE_IDENTIFIER = com.Trial.Players;
				PRODUCT_NAME = "$(TARGET_NAME)";
			};
			name = Release;
		};
/* End XCBuildConfiguration section */

/* Begin XCConfigurationList section */
		9FE7590E1CFDF84400629CEC /* Build configuration list for PBXProject "Players" */ = {
			isa = XCConfigurationList;
			buildConfigurations = (
				9FE759251CFDF84400629CEC /* Debug */,
				9FE759261CFDF84400629CEC /* Release */,
			);
			defaultConfigurationIsVisible = 0;
			defaultConfigurationName = Release;
		};
		9FE759271CFDF84400629CEC /* Build configuration list for PBXNativeTarget "Players" */ = {
			isa = XCConfigurationList;
			buildConfigurations = (
				9FE759281CFDF84400629CEC /* Debug */,
				9FE759291CFDF84400629CEC /* Release */,
			);
			defaultConfigurationIsVisible = 0;
		};
/* End XCConfigurationList section */
	};
	rootObject = 9FE7590B1CFDF84400629CEC /* Project object */;
}
